
Microsoft Visual Studio Solution File, Format Version 12.00
# Visual Studio Version 17
VisualStudioVersion = 17.14.37614.0 d17.14
MinimumVisualStudioVersion = 10.0.40219.1
Project("{FAE04EC0-301F-11D3-BF4B-00C04F79EFBC}") = "genericarray", "genericarray\genericarray.csproj", "{AB41776C-BCA0-4663-9104-9F47FA7F59F8}"
EndProject
Global
	GlobalSection(SolutionConfigurationPlatforms) = preSolution
		Debug|Any CPU = Debug|Any CPU
		Release|Any CPU = Release|Any CPU
	EndGlobalSection
	GlobalSection(ProjectConfigurationPlatforms) = postSolution
		{AB41776C-BCA0-4663-9104-9F47FA7F59F8}.Debug|Any CPU.ActiveCfg = Debug|Any CPU
		{AB41776C-BCA0-4663-9104-9F47FA7F59F8}.Debug|Any CPU.Build.0 = Debug|Any CPU
		{AB41776C-BCA0-4663-9104-9F47FA7F59F8}.Release|Any CPU.ActiveCfg = Release|Any CPU
		{AB41776C-BCA0-4663-9104-9F47FA7F59F8}.Release|Any CPU.Build.0 = Release|Any CPU
	EndGlobalSection
	GlobalSection(SolutionProperties) = preSolution
		HideSolutionNode = FALSE
	EndGlobalSection
	GlobalSection(ExtensibilityGlobals) = postSolution
		SolutionGuid = {D2DE88CE-C7D7-46E1-8730-3AEACF9BD691}
	EndGlobalSection
EndGlobal
