
Microsoft Visual Studio Solution File, Format Version 12.00
# Visual Studio Version 17
VisualStudioVersion = 17.14.37614.0 d17.14
MinimumVisualStudioVersion = 10.0.40219.1
Project("{FAE04EC0-301F-11D3-BF4B-00C04F79EFBC}") = "arraytypes", "arraytypes\arraytypes.csproj", "{FCEFC20E-33B8-40D9-A6B6-375B75BADFF9}"
EndProject
Global
	GlobalSection(SolutionConfigurationPlatforms) = preSolution
		Debug|Any CPU = Debug|Any CPU
		Release|Any CPU = Release|Any CPU
	EndGlobalSection
	GlobalSection(ProjectConfigurationPlatforms) = postSolution
		{FCEFC20E-33B8-40D9-A6B6-375B75BADFF9}.Debug|Any CPU.ActiveCfg = Debug|Any CPU
		{FCEFC20E-33B8-40D9-A6B6-375B75BADFF9}.Debug|Any CPU.Build.0 = Debug|Any CPU
		{FCEFC20E-33B8-40D9-A6B6-375B75BADFF9}.Release|Any CPU.ActiveCfg = Release|Any CPU
		{FCEFC20E-33B8-40D9-A6B6-375B75BADFF9}.Release|Any CPU.Build.0 = Release|Any CPU
	EndGlobalSection
	GlobalSection(SolutionProperties) = preSolution
		HideSolutionNode = FALSE
	EndGlobalSection
	GlobalSection(ExtensibilityGlobals) = postSolution
		SolutionGuid = {E0CD7B0F-AA6E-45F4-B725-4A0DE497BC36}
	EndGlobalSection
EndGlobal
