
Microsoft Visual Studio Solution File, Format Version 12.00
# Visual Studio Version 17
VisualStudioVersion = 17.14.37614.0 d17.14
MinimumVisualStudioVersion = 10.0.40219.1
Project("{FAE04EC0-301F-11D3-BF4B-00C04F79EFBC}") = "enum", "enum\enum.csproj", "{9A1DC57C-0EAA-471A-96DE-ACF057EE0894}"
EndProject
Global
	GlobalSection(SolutionConfigurationPlatforms) = preSolution
		Debug|Any CPU = Debug|Any CPU
		Release|Any CPU = Release|Any CPU
	EndGlobalSection
	GlobalSection(ProjectConfigurationPlatforms) = postSolution
		{9A1DC57C-0EAA-471A-96DE-ACF057EE0894}.Debug|Any CPU.ActiveCfg = Debug|Any CPU
		{9A1DC57C-0EAA-471A-96DE-ACF057EE0894}.Debug|Any CPU.Build.0 = Debug|Any CPU
		{9A1DC57C-0EAA-471A-96DE-ACF057EE0894}.Release|Any CPU.ActiveCfg = Release|Any CPU
		{9A1DC57C-0EAA-471A-96DE-ACF057EE0894}.Release|Any CPU.Build.0 = Release|Any CPU
	EndGlobalSection
	GlobalSection(SolutionProperties) = preSolution
		HideSolutionNode = FALSE
	EndGlobalSection
	GlobalSection(ExtensibilityGlobals) = postSolution
		SolutionGuid = {3010FD60-B2F4-428F-9D11-787AAF0676A2}
	EndGlobalSection
EndGlobal
