
Microsoft Visual Studio Solution File, Format Version 12.00
# Visual Studio Version 17
VisualStudioVersion = 17.14.37614.0 d17.14
MinimumVisualStudioVersion = 10.0.40219.1
Project("{FAE04EC0-301F-11D3-BF4B-00C04F79EFBC}") = "exceptionhandlingassignment", "exceptionhandlingassignment\exceptionhandlingassignment.csproj", "{21EDE1CE-6961-44A2-80EC-EB9148CD8594}"
EndProject
Global
	GlobalSection(SolutionConfigurationPlatforms) = preSolution
		Debug|Any CPU = Debug|Any CPU
		Release|Any CPU = Release|Any CPU
	EndGlobalSection
	GlobalSection(ProjectConfigurationPlatforms) = postSolution
		{21EDE1CE-6961-44A2-80EC-EB9148CD8594}.Debug|Any CPU.ActiveCfg = Debug|Any CPU
		{21EDE1CE-6961-44A2-80EC-EB9148CD8594}.Debug|Any CPU.Build.0 = Debug|Any CPU
		{21EDE1CE-6961-44A2-80EC-EB9148CD8594}.Release|Any CPU.ActiveCfg = Release|Any CPU
		{21EDE1CE-6961-44A2-80EC-EB9148CD8594}.Release|Any CPU.Build.0 = Release|Any CPU
	EndGlobalSection
	GlobalSection(SolutionProperties) = preSolution
		HideSolutionNode = FALSE
	EndGlobalSection
	GlobalSection(ExtensibilityGlobals) = postSolution
		SolutionGuid = {8CF9D995-D087-488B-A598-743783A50D3D}
	EndGlobalSection
EndGlobal
