
Microsoft Visual Studio Solution File, Format Version 12.00
# Visual Studio Version 17
VisualStudioVersion = 17.14.37614.0 d17.14
MinimumVisualStudioVersion = 10.0.40219.1
Project("{FAE04EC0-301F-11D3-BF4B-00C04F79EFBC}") = "inheritancepract", "inheritancepract\inheritancepract.csproj", "{81617D3F-3799-43C4-9128-769800ACBA13}"
EndProject
Global
	GlobalSection(SolutionConfigurationPlatforms) = preSolution
		Debug|Any CPU = Debug|Any CPU
		Release|Any CPU = Release|Any CPU
	EndGlobalSection
	GlobalSection(ProjectConfigurationPlatforms) = postSolution
		{81617D3F-3799-43C4-9128-769800ACBA13}.Debug|Any CPU.ActiveCfg = Debug|Any CPU
		{81617D3F-3799-43C4-9128-769800ACBA13}.Debug|Any CPU.Build.0 = Debug|Any CPU
		{81617D3F-3799-43C4-9128-769800ACBA13}.Release|Any CPU.ActiveCfg = Release|Any CPU
		{81617D3F-3799-43C4-9128-769800ACBA13}.Release|Any CPU.Build.0 = Release|Any CPU
	EndGlobalSection
	GlobalSection(SolutionProperties) = preSolution
		HideSolutionNode = FALSE
	EndGlobalSection
	GlobalSection(ExtensibilityGlobals) = postSolution
		SolutionGuid = {1E68F527-2E75-4382-B535-B805A1F1AD47}
	EndGlobalSection
EndGlobal
