
Microsoft Visual Studio Solution File, Format Version 12.00
# Visual Studio Version 17
VisualStudioVersion = 17.14.37614.0 d17.14
MinimumVisualStudioVersion = 10.0.40219.1
Project("{FAE04EC0-301F-11D3-BF4B-00C04F79EFBC}") = "exceptionhandling", "exceptionhandling\exceptionhandling.csproj", "{AB6C857B-DD3F-41AC-B277-8B4994BC1D5F}"
EndProject
Global
	GlobalSection(SolutionConfigurationPlatforms) = preSolution
		Debug|Any CPU = Debug|Any CPU
		Release|Any CPU = Release|Any CPU
	EndGlobalSection
	GlobalSection(ProjectConfigurationPlatforms) = postSolution
		{AB6C857B-DD3F-41AC-B277-8B4994BC1D5F}.Debug|Any CPU.ActiveCfg = Debug|Any CPU
		{AB6C857B-DD3F-41AC-B277-8B4994BC1D5F}.Debug|Any CPU.Build.0 = Debug|Any CPU
		{AB6C857B-DD3F-41AC-B277-8B4994BC1D5F}.Release|Any CPU.ActiveCfg = Release|Any CPU
		{AB6C857B-DD3F-41AC-B277-8B4994BC1D5F}.Release|Any CPU.Build.0 = Release|Any CPU
	EndGlobalSection
	GlobalSection(SolutionProperties) = preSolution
		HideSolutionNode = FALSE
	EndGlobalSection
	GlobalSection(ExtensibilityGlobals) = postSolution
		SolutionGuid = {01362973-2009-4E07-B335-E3A6CEBAE54F}
	EndGlobalSection
EndGlobal
