
Microsoft Visual Studio Solution File, Format Version 12.00
# Visual Studio Version 17
VisualStudioVersion = 17.14.37614.0 d17.14
MinimumVisualStudioVersion = 10.0.40219.1
Project("{FAE04EC0-301F-11D3-BF4B-00C04F79EFBC}") = "encapsulatiopn", "encapsulatiopn\encapsulatiopn.csproj", "{454FCCF4-9033-4B76-9237-7D6ABCE1500C}"
EndProject
Global
	GlobalSection(SolutionConfigurationPlatforms) = preSolution
		Debug|Any CPU = Debug|Any CPU
		Release|Any CPU = Release|Any CPU
	EndGlobalSection
	GlobalSection(ProjectConfigurationPlatforms) = postSolution
		{454FCCF4-9033-4B76-9237-7D6ABCE1500C}.Debug|Any CPU.ActiveCfg = Debug|Any CPU
		{454FCCF4-9033-4B76-9237-7D6ABCE1500C}.Debug|Any CPU.Build.0 = Debug|Any CPU
		{454FCCF4-9033-4B76-9237-7D6ABCE1500C}.Release|Any CPU.ActiveCfg = Release|Any CPU
		{454FCCF4-9033-4B76-9237-7D6ABCE1500C}.Release|Any CPU.Build.0 = Release|Any CPU
	EndGlobalSection
	GlobalSection(SolutionProperties) = preSolution
		HideSolutionNode = FALSE
	EndGlobalSection
	GlobalSection(ExtensibilityGlobals) = postSolution
		SolutionGuid = {184783CC-56A0-44B2-BE8D-4A8A9C54710E}
	EndGlobalSection
EndGlobal
